
Microsoft Visual Studio Solution File, Format Version 12.00
# Visual Studio 15
VisualStudioVersion = 15.0.27428.2015
MinimumVisualStudioVersion = 10.0.40219.1
Project("{FAE04EC0-301F-11D3-BF4B-00C04F79EFBC}") = "Lab1_PartD2_AH", "Lab1_PartD2_AH\Lab1_PartD2_AH.csproj", "{DF1C5F90-1886-4456-A9BE-B3B607806D29}"
EndProject
Global
	GlobalSection(SolutionConfigurationPlatforms) = preSolution
		Debug|Any CPU = Debug|Any CPU
		Release|Any CPU = Release|Any CPU
	EndGlobalSection
	GlobalSection(ProjectConfigurationPlatforms) = postSolution
		{DF1C5F90-1886-4456-A9BE-B3B607806D29}.Debug|Any CPU.ActiveCfg = Debug|Any CPU
		{DF1C5F90-1886-4456-A9BE-B3B607806D29}.Debug|Any CPU.Build.0 = Debug|Any CPU
		{DF1C5F90-1886-4456-A9BE-B3B607806D29}.Release|Any CPU.ActiveCfg = Release|Any CPU
		{DF1C5F90-1886-4456-A9BE-B3B607806D29}.Release|Any CPU.Build.0 = Release|Any CPU
	EndGlobalSection
	GlobalSection(SolutionProperties) = preSolution
		HideSolutionNode = FALSE
	EndGlobalSection
	GlobalSection(ExtensibilityGlobals) = postSolution
		SolutionGuid = {3486C20A-A63C-4FD6-BB0E-8A0822A6DC01}
	EndGlobalSection
EndGlobal
